{
  "name": "league-of-legends-ui",
  "requires": true,
  "lockfileVersion": 1,
  "dependencies": {
    "@polymer/font-roboto": {
      "version": "3.0.0-pre.21",
      "resolved": "https://registry.npmjs.org/@polymer/font-roboto/-/font-roboto-3.0.0-pre.21.tgz",
      "integrity": "sha512-1DnYDaoyTeSmZzocj7jhHS8tM1j+FJNTrMEOyudLKF8sqGzmlz48XyMRbt4RL4pO9szz5vJ8xhS+4WUPHFj9OA=="
    },
    "@polymer/iron-a11y-announcer": {
      "version": "3.0.0-pre.21",
      "resolved": "https://registry.npmjs.org/@polymer/iron-a11y-announcer/-/iron-a11y-announcer-3.0.0-pre.21.tgz",
      "integrity": "sha512-n35ck7y5aQweRxK2JvEe7sFE/LbUd/b5EW8tYPa/96iZw1qcTHWtIKdMJjDH18YroKVFH4Ncz4/0Xg7GChLhvA==",
      "requires": {
        "@polymer/polymer": "^3.0.0"
      }
    },
    "@polymer/iron-a11y-keys-behavior": {
      "version": "3.0.0-pre.21",
      "resolved": "https://registry.npmjs.org/@polymer/iron-a11y-keys-behavior/-/iron-a11y-keys-behavior-3.0.0-pre.21.tgz",
      "integrity": "sha512-fdADeKVQsZ7Izg5H6pOM9VVFWMTVUGgMfGr6jzEW0ehZT6N7bTzBIjft2r8sh3qSx2zCUxQEgUUDoeXE9/yROA==",
      "requires": {
        "@polymer/polymer": "^3.0.0"
      }
    },
    "@polymer/iron-autogrow-textarea": {
      "version": "3.0.0-pre.21",
      "resolved": "https://registry.npmjs.org/@polymer/iron-autogrow-textarea/-/iron-autogrow-textarea-3.0.0-pre.21.tgz",
      "integrity": "sha512-sMpNcSeq0lR54y4K+tWbK6WI1e8Fbl7JRXWfIOFQuggzKRQf/snSpTTJicgGRgDmctt7kNQOh/r1XQelLdPcZg==",
      "requires": {
        "@polymer/iron-behaviors": "^3.0.0-pre.21",
        "@polymer/iron-flex-layout": "^3.0.0-pre.21",
        "@polymer/iron-validatable-behavior": "^3.0.0-pre.21",
        "@polymer/polymer": "^3.0.0"
      }
    },
    "@polymer/iron-behaviors": {
      "version": "3.0.0-pre.21",
      "resolved": "https://registry.npmjs.org/@polymer/iron-behaviors/-/iron-behaviors-3.0.0-pre.21.tgz",
      "integrity": "sha512-sxdLri6CMNs6kty8sPDYGuAX9LofbEn2r/qI3QkJZUXFZhZUSGwCmoDt9yMWffNSamUsEDURLafYW09jOEhtRQ==",
      "requires": {
        "@polymer/iron-a11y-keys-behavior": "^3.0.0-pre.21",
        "@polymer/polymer": "^3.0.0"
      }
    },
    "@polymer/iron-checked-element-behavior": {
      "version": "3.0.0-pre.21",
      "resolved": "https://registry.npmjs.org/@polymer/iron-checked-element-behavior/-/iron-checked-element-behavior-3.0.0-pre.21.tgz",
      "integrity": "sha512-ZpyKomXudcOM1vGvfqwFkrlTumChStbNy5rRFKbdCbsUeZsXV83LIHfkXxMhJJ5hEIExvK4pDcnv/wEdFggXPQ==",
      "requires": {
        "@polymer/iron-form-element-behavior": "^3.0.0-pre.21",
        "@polymer/iron-validatable-behavior": "^3.0.0-pre.21",
        "@polymer/polymer": "^3.0.0"
      }
    },
    "@polymer/iron-fit-behavior": {
      "version": "3.0.0-pre.21",
      "resolved": "https://registry.npmjs.org/@polymer/iron-fit-behavior/-/iron-fit-behavior-3.0.0-pre.21.tgz",
      "integrity": "sha512-j3F59w4xGfVbmw8PQruQz4b7tHpi2cmgVeuOuQM6eG0+wA6hu5O2I+LYJCQmCLuQN8LzFjATTOCDfhlDb2Pfcg==",
      "requires": {
        "@polymer/polymer": "^3.0.0"
      }
    },
    "@polymer/iron-flex-layout": {
      "version": "3.0.0-pre.21",
      "resolved": "https://registry.npmjs.org/@polymer/iron-flex-layout/-/iron-flex-layout-3.0.0-pre.21.tgz",
      "integrity": "sha512-/GFBWLBhpzycXmdyS+rzQxCa/ssCX5ZGEa0M/oMRsUK/hUKrj/XBNNYZ3BlyHf2NHELNqnwZLcIZB5EPjA0uwg==",
      "requires": {
        "@polymer/polymer": "^3.0.0"
      }
    },
    "@polymer/iron-form-element-behavior": {
      "version": "3.0.0-pre.21",
      "resolved": "https://registry.npmjs.org/@polymer/iron-form-element-behavior/-/iron-form-element-behavior-3.0.0-pre.21.tgz",
      "integrity": "sha512-E9oS0ryZw7FPQ/XMmBaKScyv8l/z86kKpIfXm+WLbqapu5FIuNE54z/73QUs5uoKI+H8gR9UL48mzZGCiGEMDw==",
      "requires": {
        "@polymer/polymer": "^3.0.0"
      }
    },
    "@polymer/iron-icon": {
      "version": "3.0.0-pre.21",
      "resolved": "https://registry.npmjs.org/@polymer/iron-icon/-/iron-icon-3.0.0-pre.21.tgz",
      "integrity": "sha512-B/6ncM/JiKYOCkYtIsgztZuMzmMWAR5POGQ0r7TU0RaBzKstqTvn6NfRHeNzYjsOwBMse/wA6/qvgvCRgx6kWw==",
      "requires": {
        "@polymer/iron-flex-layout": "^3.0.0-pre.21",
        "@polymer/iron-meta": "^3.0.0-pre.21",
        "@polymer/polymer": "^3.0.0"
      }
    },
    "@polymer/iron-iconset-svg": {
      "version": "3.0.0-pre.21",
      "resolved": "https://registry.npmjs.org/@polymer/iron-iconset-svg/-/iron-iconset-svg-3.0.0-pre.21.tgz",
      "integrity": "sha512-YWdX3QROFHKsGds9wUDbD2u1hN6uG6oG4fEu/F16aHFQg9tu2oiSyRspGsOQlXJ28177Qc2rxQ1Kp8GdlzpMbw==",
      "requires": {
        "@polymer/iron-meta": "^3.0.0-pre.21",
        "@polymer/polymer": "^3.0.0"
      }
    },
    "@polymer/iron-image": {
      "version": "3.0.0-pre.21",
      "resolved": "https://registry.npmjs.org/@polymer/iron-image/-/iron-image-3.0.0-pre.21.tgz",
      "integrity": "sha512-2gYmp4D/W6CEWdSIqajE85bm0wYTK49doKSFFsehnO8E7/DINV1PyS9yuH/Y9g+iHiWLFwFm/dYPkLbfMa+Fwg==",
      "requires": {
        "@polymer/polymer": "^3.0.0"
      }
    },
    "@polymer/iron-input": {
      "version": "3.0.0-pre.21",
      "resolved": "https://registry.npmjs.org/@polymer/iron-input/-/iron-input-3.0.0-pre.21.tgz",
      "integrity": "sha512-76XxEoP6rugsEma+V1nIV8Nd76hqhseQ+bBf6Sgda69bUvanxCmVs4TOVXSnh3SnfptBUfENVws3akJKrTgoLg==",
      "requires": {
        "@polymer/iron-a11y-announcer": "^3.0.0-pre.21",
        "@polymer/iron-validatable-behavior": "^3.0.0-pre.21",
        "@polymer/polymer": "^3.0.0"
      }
    },
    "@polymer/iron-menu-behavior": {
      "version": "3.0.0-pre.21",
      "resolved": "https://registry.npmjs.org/@polymer/iron-menu-behavior/-/iron-menu-behavior-3.0.0-pre.21.tgz",
      "integrity": "sha512-HYd2YTLFAvOQ1Q8+eEE0imPpo+l/MPTtyh7jR14JuphWjCLzv/S0gba+CTmsVGKozLIkI+eDH2WwDLaP2q+76A==",
      "requires": {
        "@polymer/iron-a11y-keys-behavior": "^3.0.0-pre.21",
        "@polymer/iron-flex-layout": "^3.0.0-pre.21",
        "@polymer/iron-selector": "^3.0.0-pre.21",
        "@polymer/polymer": "^3.0.0"
      }
    },
    "@polymer/iron-meta": {
      "version": "3.0.0-pre.21",
      "resolved": "https://registry.npmjs.org/@polymer/iron-meta/-/iron-meta-3.0.0-pre.21.tgz",
      "integrity": "sha512-RR24zD2t4rSJyjisMo5Cfy200FFYrsmRDZSX8wk1JdaDHVWLgq9DM1aa7/B7WI7sEWkckzVZPBthRFVB+PmVwA==",
      "requires": {
        "@polymer/polymer": "^3.0.0"
      }
    },
    "@polymer/iron-overlay-behavior": {
      "version": "3.0.0-pre.21",
      "resolved": "https://registry.npmjs.org/@polymer/iron-overlay-behavior/-/iron-overlay-behavior-3.0.0-pre.21.tgz",
      "integrity": "sha512-aHGtygYEXmFu0Y13vLuBfXm/obNlGnb4JdKCycB931ugfrloEwYo+8DcPyWdc3J0dMJDhv7pH8VZJglNdUQjZA==",
      "requires": {
        "@polymer/iron-a11y-keys-behavior": "^3.0.0-pre.21",
        "@polymer/iron-fit-behavior": "^3.0.0-pre.21",
        "@polymer/iron-resizable-behavior": "^3.0.0-pre.21",
        "@polymer/polymer": "^3.0.0"
      }
    },
    "@polymer/iron-resizable-behavior": {
      "version": "3.0.0-pre.21",
      "resolved": "https://registry.npmjs.org/@polymer/iron-resizable-behavior/-/iron-resizable-behavior-3.0.0-pre.21.tgz",
      "integrity": "sha512-V27DpRXUofbz8K43U5ITC2N/LIrqIrrmaslNxrnasTheiDiienpZDFBTCjO+eGz61Cijjs39VIEYF9TezbDY8A==",
      "requires": {
        "@polymer/polymer": "^3.0.0"
      }
    },
    "@polymer/iron-selector": {
      "version": "3.0.0-pre.21",
      "resolved": "https://registry.npmjs.org/@polymer/iron-selector/-/iron-selector-3.0.0-pre.21.tgz",
      "integrity": "sha512-vfBRGY1EggP/mk7AbZAzVfYaPVh+ZCcH4mX8QccW8ZTrU0F6QXhoPAgss0gAFc+pz79C3irqDfVvoViQrmOUDw==",
      "requires": {
        "@polymer/polymer": "^3.0.0"
      }
    },
    "@polymer/iron-validatable-behavior": {
      "version": "3.0.0-pre.21",
      "resolved": "https://registry.npmjs.org/@polymer/iron-validatable-behavior/-/iron-validatable-behavior-3.0.0-pre.21.tgz",
      "integrity": "sha512-G4yxCe2xp9+jJ0MkjqC26MKo1FqsvUrnmqpCtJiVBLlpZEUx1b2lZz2ZzynXpnisg9EuZ3xtHtOge5UFTNoG+w==",
      "requires": {
        "@polymer/iron-meta": "^3.0.0-pre.21",
        "@polymer/polymer": "^3.0.0"
      }
    },
    "@polymer/neon-animation": {
      "version": "3.0.0-pre.21",
      "resolved": "https://registry.npmjs.org/@polymer/neon-animation/-/neon-animation-3.0.0-pre.21.tgz",
      "integrity": "sha512-aOretgBxXazpGHKqn2FepGi5VHi7tzht2IeyGHG9J9S6k955cohZQ3twThT76ZhLi4Tlu761cCu9YwFg2aLxUQ==",
      "requires": {
        "@polymer/iron-resizable-behavior": "^3.0.0-pre.21",
        "@polymer/iron-selector": "^3.0.0-pre.21",
        "@polymer/polymer": "^3.0.0"
      }
    },
    "@polymer/paper-behaviors": {
      "version": "3.0.0-pre.21",
      "resolved": "https://registry.npmjs.org/@polymer/paper-behaviors/-/paper-behaviors-3.0.0-pre.21.tgz",
      "integrity": "sha512-CiS/1K9b+b5qxpykr5P/ZeO5le06H7aaR/ymPWJ/m0ioFcSyzRPWlEwjDwiqqCBCmwmdsLXvLYmB2Z6oLiXqPQ==",
      "requires": {
        "@polymer/iron-behaviors": "^3.0.0-pre.21",
        "@polymer/iron-checked-element-behavior": "^3.0.0-pre.21",
        "@polymer/paper-ripple": "^3.0.0-pre.21",
        "@polymer/polymer": "^3.0.0"
      }
    },
    "@polymer/paper-button": {
      "version": "3.0.0-pre.21",
      "resolved": "https://registry.npmjs.org/@polymer/paper-button/-/paper-button-3.0.0-pre.21.tgz",
      "integrity": "sha512-V4GBy/3MK0uA3XRwds87XxCCGVUdsSi4gzCw4wBXtJdPF/nUr/mWPgUcQO7bx4Yz7Bih7PxYcRPSPN5lucMjRw==",
      "requires": {
        "@polymer/iron-flex-layout": "^3.0.0-pre.21",
        "@polymer/paper-behaviors": "^3.0.0-pre.21",
        "@polymer/paper-styles": "^3.0.0-pre.21",
        "@polymer/polymer": "^3.0.0"
      }
    },
    "@polymer/paper-card": {
      "version": "3.0.0-pre.21",
      "resolved": "https://registry.npmjs.org/@polymer/paper-card/-/paper-card-3.0.0-pre.21.tgz",
      "integrity": "sha512-HWV+zSt8znSOX9XquELsxh+hBWrisXmB8AaS5d6+gXodQ2SXPp00ViS3Yh1EcrR/8sIAknqHVlCvTVCHrDVW2g==",
      "requires": {
        "@polymer/iron-flex-layout": "^3.0.0-pre.21",
        "@polymer/iron-image": "^3.0.0-pre.21",
        "@polymer/paper-styles": "^3.0.0-pre.21",
        "@polymer/polymer": "^3.0.0"
      }
    },
    "@polymer/paper-dialog": {
      "version": "3.0.0-pre.21",
      "resolved": "https://registry.npmjs.org/@polymer/paper-dialog/-/paper-dialog-3.0.0-pre.21.tgz",
      "integrity": "sha512-WtiEiYaaEISm8eFPlK0e0zhw8nu87LG0jayAD8qjZXRenRYk0IyvszeCTZRmAXjaWbh6rzEyientvCH6vt80+g==",
      "requires": {
        "@polymer/iron-overlay-behavior": "^3.0.0-pre.21",
        "@polymer/neon-animation": "^3.0.0-pre.21",
        "@polymer/paper-dialog-behavior": "^3.0.0-pre.21",
        "@polymer/polymer": "^3.0.0"
      }
    },
    "@polymer/paper-dialog-behavior": {
      "version": "3.0.0-pre.21",
      "resolved": "https://registry.npmjs.org/@polymer/paper-dialog-behavior/-/paper-dialog-behavior-3.0.0-pre.21.tgz",
      "integrity": "sha512-ML6nBeW4eiseArkqZ2jdAZ1m458ye2PrCguh20z5vJu+b4X9asaqQ7rEuEc56bo2aCYOf/0oBWlQsDpP8lyTkA==",
      "requires": {
        "@polymer/iron-overlay-behavior": "^3.0.0-pre.21",
        "@polymer/paper-styles": "^3.0.0-pre.21",
        "@polymer/polymer": "^3.0.0"
      }
    },
    "@polymer/paper-dialog-scrollable": {
      "version": "3.0.0-pre.21",
      "resolved": "https://registry.npmjs.org/@polymer/paper-dialog-scrollable/-/paper-dialog-scrollable-3.0.0-pre.21.tgz",
      "integrity": "sha512-oBUzlrl9KnbwMeP4E/KiOPWL/k5uh/ZItDMVrbK4SYCDAbdk/mxZ22w1Io1LNRdOE+0qhHcjohjT+ZqSCkTjyg==",
      "requires": {
        "@polymer/iron-flex-layout": "^3.0.0-pre.21",
        "@polymer/paper-dialog-behavior": "^3.0.0-pre.21",
        "@polymer/paper-styles": "^3.0.0-pre.21",
        "@polymer/polymer": "^3.0.0"
      }
    },
    "@polymer/paper-icon-button": {
      "version": "3.0.0-pre.21",
      "resolved": "https://registry.npmjs.org/@polymer/paper-icon-button/-/paper-icon-button-3.0.0-pre.21.tgz",
      "integrity": "sha512-H+kx7v6R7+Hd6A6hSt+bsCMzbTPArty8yGFqTKpjsvGFCVfRHcIwoKrHqgQ0CX/JHmn2Zs+tF0IIdtiHjJYegg==",
      "requires": {
        "@polymer/iron-icon": "^3.0.0-pre.21",
        "@polymer/paper-behaviors": "^3.0.0-pre.21",
        "@polymer/paper-styles": "^3.0.0-pre.21",
        "@polymer/polymer": "^3.0.0"
      }
    },
    "@polymer/paper-input": {
      "version": "3.0.0-pre.21",
      "resolved": "https://registry.npmjs.org/@polymer/paper-input/-/paper-input-3.0.0-pre.21.tgz",
      "integrity": "sha512-xBRiy9QHS47Yfkv+242qRr1KFvoI1t7VS6kl+fr/pF3fS4WCT4T0oNOaDoOaj7iMmGSRPOgE2Y2+0FC0pl2yIw==",
      "requires": {
        "@polymer/iron-a11y-keys-behavior": "^3.0.0-pre.21",
        "@polymer/iron-autogrow-textarea": "^3.0.0-pre.21",
        "@polymer/iron-behaviors": "^3.0.0-pre.21",
        "@polymer/iron-form-element-behavior": "^3.0.0-pre.21",
        "@polymer/iron-input": "^3.0.0-pre.21",
        "@polymer/paper-styles": "^3.0.0-pre.21",
        "@polymer/polymer": "^3.0.0"
      }
    },
    "@polymer/paper-item": {
      "version": "3.0.0-pre.21",
      "resolved": "https://registry.npmjs.org/@polymer/paper-item/-/paper-item-3.0.0-pre.21.tgz",
      "integrity": "sha512-B1VsZWM1wksV7TUmo6TVaAoXncwOnckSxtiZAmUlu+F50MbD8QgddM0Y+/vhEBAx9org4P++WFJSci2Q3btTSw==",
      "requires": {
        "@polymer/iron-behaviors": "^3.0.0-pre.21",
        "@polymer/iron-flex-layout": "^3.0.0-pre.21",
        "@polymer/paper-styles": "^3.0.0-pre.21",
        "@polymer/polymer": "^3.0.0"
      }
    },
    "@polymer/paper-radio-button": {
      "version": "3.0.0-pre.21",
      "resolved": "https://registry.npmjs.org/@polymer/paper-radio-button/-/paper-radio-button-3.0.0-pre.21.tgz",
      "integrity": "sha512-tfHl08k/xTobtPadBF7DBX53ybMa/p6uRXDPBIfWFXXzA3sEuuwKa25z8KqLMcpMkrZDHiaIcwxD9lAK5oEXeg==",
      "requires": {
        "@polymer/iron-checked-element-behavior": "^3.0.0-pre.21",
        "@polymer/iron-flex-layout": "^3.0.0-pre.21",
        "@polymer/paper-behaviors": "^3.0.0-pre.21",
        "@polymer/paper-styles": "^3.0.0-pre.21",
        "@polymer/polymer": "^3.0.0"
      }
    },
    "@polymer/paper-radio-group": {
      "version": "3.0.0-pre.21",
      "resolved": "https://registry.npmjs.org/@polymer/paper-radio-group/-/paper-radio-group-3.0.0-pre.21.tgz",
      "integrity": "sha512-sUxtgILE24jISZiXn/g5V44YuqXm623/4Ixe5CwJoG+Nfxsq+OCHJGJQc8KyyIrM380QAT1E6mZYyiH4X3P2Ag==",
      "requires": {
        "@polymer/iron-a11y-keys-behavior": "^3.0.0-pre.21",
        "@polymer/iron-menu-behavior": "^3.0.0-pre.21",
        "@polymer/paper-radio-button": "^3.0.0-pre.21",
        "@polymer/polymer": "^3.0.0"
      }
    },
    "@polymer/paper-ripple": {
      "version": "3.0.0-pre.21",
      "resolved": "https://registry.npmjs.org/@polymer/paper-ripple/-/paper-ripple-3.0.0-pre.21.tgz",
      "integrity": "sha512-qqNdU1/57WtMr+3NiAVI2zXw4LrEX9QD9jwifIgJXWj+lqe0YMeKrXOvCYHvV8nv9Owq7dRGvhOXM++E+imoLQ==",
      "requires": {
        "@polymer/iron-a11y-keys-behavior": "^3.0.0-pre.21",
        "@polymer/polymer": "^3.0.0"
      }
    },
    "@polymer/paper-spinner": {
      "version": "3.0.0-pre.21",
      "resolved": "https://registry.npmjs.org/@polymer/paper-spinner/-/paper-spinner-3.0.0-pre.21.tgz",
      "integrity": "sha512-pidDc+/31iHLicOexx9Skg52RpgU5KMmq9/pPPHIhf2p1SKlM656MXb8yLy2NQ2ZRMoVGa47ukz3q4E6KPZTfg==",
      "requires": {
        "@polymer/paper-styles": "^3.0.0-pre.21",
        "@polymer/polymer": "^3.0.0"
      }
    },
    "@polymer/paper-styles": {
      "version": "3.0.0-pre.21",
      "resolved": "https://registry.npmjs.org/@polymer/paper-styles/-/paper-styles-3.0.0-pre.21.tgz",
      "integrity": "sha512-GJB0EirkY17N05kbTMDa8aABvQ2GIE95LMt7aOy16VG6sjh1TFS0gUOnoGgHA7ZUUZsOP3BdNqxKYzgQ+9m/GA==",
      "requires": {
        "@polymer/font-roboto": "^3.0.0-pre.21",
        "@polymer/iron-flex-layout": "^3.0.0-pre.21",
        "@polymer/polymer": "^3.0.0"
      }
    },
    "@polymer/paper-tabs": {
      "version": "3.0.0-pre.21",
      "resolved": "https://registry.npmjs.org/@polymer/paper-tabs/-/paper-tabs-3.0.0-pre.21.tgz",
      "integrity": "sha512-kxjTRrieGNggKwSI4iGLghxeTWsH81udPqa/GWXr3jBAVhdHxJ11ebpi0af4ES6sUWFEoAPsSA8PWM8aHRx3xw==",
      "requires": {
        "@polymer/iron-behaviors": "^3.0.0-pre.21",
        "@polymer/iron-flex-layout": "^3.0.0-pre.21",
        "@polymer/iron-icon": "^3.0.0-pre.21",
        "@polymer/iron-iconset-svg": "^3.0.0-pre.21",
        "@polymer/iron-menu-behavior": "^3.0.0-pre.21",
        "@polymer/iron-resizable-behavior": "^3.0.0-pre.21",
        "@polymer/paper-behaviors": "^3.0.0-pre.21",
        "@polymer/paper-icon-button": "^3.0.0-pre.21",
        "@polymer/paper-styles": "^3.0.0-pre.21",
        "@polymer/polymer": "^3.0.0"
      }
    },
    "@polymer/polymer": {
      "version": "3.0.5",
      "resolved": "https://registry.npmjs.org/@polymer/polymer/-/polymer-3.0.5.tgz",
      "integrity": "sha512-Zbmhtr5vZ3NoHWwFYLKI4ff7yfE6DZopI8vaS7HvmUIuNqsv/EpEDXfNEYjqePQmkMX5LU9OIKV1eX/+9aveow==",
      "requires": {
        "@webcomponents/shadycss": "^1.2.0"
      }
    },
    "@webcomponents/shadycss": {
      "version": "1.3.5",
      "resolved": "https://registry.npmjs.org/@webcomponents/shadycss/-/shadycss-1.3.5.tgz",
      "integrity": "sha512-SBGmmpylJaNbWBQ84BvHl0keEhqOgPVG1zCdxtoQXrp3fUxFbjiJPHjvx6oqMjFTzkmKOwo/oKNvZyEtxltKiA=="
    },
    "@webcomponents/webcomponentsjs": {
      "version": "2.0.3",
      "resolved": "https://registry.npmjs.org/@webcomponents/webcomponentsjs/-/webcomponentsjs-2.0.3.tgz",
      "integrity": "sha512-MAXeE34PaC2gDVNKa+YLkRvnIBezIslR8AHoS/E8nOYuFL0qUcOD4L7/BBZOrNtxMRrNTCvtkXL7TrEmYmyQiQ=="
    },
    "api-nav": {
      "version": "github:KlavisVerge/api-nav#789bcbdb4315fd94ddaec40e1097cacd60e3dd23",
      "from": "github:KlavisVerge/api-nav",
      "requires": {
        "@polymer/paper-tabs": "^3.0.0-pre.21",
        "@polymer/polymer": "^3.0.0"
      }
    },
    "reddit-ui": {
      "version": "github:KlavisVerge/reddit-ui#a33324079facdf8b069832eb93b39bd44faaab61",
      "from": "github:KlavisVerge/reddit-ui",
      "requires": {
        "@polymer/paper-card": "^3.0.0-pre.21",
        "@polymer/paper-item": "^3.0.0-pre.21",
        "@polymer/paper-spinner": "^3.0.0-pre.21",
        "@polymer/polymer": "^3.0.0"
      }
    },
    "twitch-stream": {
      "version": "github:KlavisVerge/twitch-stream#56c444e4acb756ed6c7d0aff24e5edc39c5bad2f",
      "from": "github:KlavisVerge/twitch-stream",
      "requires": {
        "@polymer/iron-image": "^3.0.0-pre.21",
        "@polymer/paper-item": "^3.0.0-pre.21",
        "@polymer/polymer": "^3.0.0"
      }
    },
    "twitch-ui": {
      "version": "github:KlavisVerge/twitch-ui#e117b3033dc7fe2962db3d40b2b3fa06cb1b5845",
      "from": "github:KlavisVerge/twitch-ui",
      "requires": {
        "@polymer/iron-image": "^3.0.0-pre.21",
        "@polymer/paper-button": "^3.0.0-pre.21",
        "@polymer/paper-card": "^3.0.0-pre.21",
        "@polymer/paper-item": "^3.0.0-pre.21",
        "@polymer/paper-spinner": "^3.0.0-pre.21",
        "@polymer/polymer": "^3.0.0",
        "twitch-stream": "github:KlavisVerge/twitch-stream#56c444e4acb756ed6c7d0aff24e5edc39c5bad2f"
      }
    },
    "web-animations-js": {
      "version": "2.3.1",
      "resolved": "https://registry.npmjs.org/web-animations-js/-/web-animations-js-2.3.1.tgz",
      "integrity": "sha1-Om2bwVGWN3qQ+OKAP6UmIWWwRRA="
    }
  }
}
